{
  "originHash" : "1dd6dc3bf98baef804ed131244d1afc2d8353304ff173d20e80bd58c98d10c83",
  "pins" : [
    {
      "identity" : "sentry-cocoa",
      "kind" : "remoteSourceControl",
      "location" : "https://github.com/getsentry/sentry-cocoa.git",
      "state" : {
        "revision" : "05d3ce8332097ff0b2347231ac66476fd7d2f4d8",
        "version" : "9.8.0"
      }
    }
  ],
  "version" : 3
}
